<?xml version="1.0" encoding="UTF-8" standalone="yes" ?>
<CodeBlocks_project_file>
	<FileVersion major="1" minor="6" />
	<Project>
		<Option title="Unidad01" />
		<Option pch_mode="2" />
		<Option compiler="gcc" />
		<Build>
			<Target title="Release">
				<Option output="bin/Release/Unidad01" prefix_auto="1" extension_auto="1" />
				<Option object_output="obj/Release/" />
				<Option type="1" />
				<Option compiler="gcc" />
				<Compiler>
					<Add option="-O2" />
					<Add option="-include include/generated/autoconf.h" />
				</Compiler>
				<Linker>
					<Add option="-s" />
				</Linker>
			</Target>
		</Build>
		<Compiler>
			<Add option="-Wall" />
			<Add option="-fexceptions" />
		</Compiler>
		<Unit filename="Calendario.cpp" />
		<Unit filename="Calendario.h" />
		<Unit filename="ClaseSinSeccionesPrivadas.cpp" />
		<Unit filename="DiasTranscurridos.cpp" />
		<Unit filename="DiasTranscurridos_1.cpp" />
		<Unit filename="Fecha.cpp" />
		<Unit filename="Fecha.h" />
		<Unit filename="Kconfig" />
		<Unit filename="Makefile" />
		<Unit filename="Unidad01_util.cpp" />
		<Unit filename="Unidad01_util.h" />
		<Unit filename="bubbles.cpp" />
		<Unit filename="cal.cpp" />
		<Unit filename="gettingdate.cpp" />
		<Unit filename="gettingdate.h" />
		<Unit filename="main.cpp" />
		<Unit filename="mainDisposalRecords2022.cpp" />
		<Unit filename="struct_msg.cpp" />
		<Unit filename="struct_msg.h" />
		<Extensions />
	</Project>
</CodeBlocks_project_file>
